// !$*UTF8*$!
{
	archiveVersion = 1;
	classes = {
	};
	objectVersion = 56;
	objects = {

/* Begin PBXBuildFile section */
		ACA98D182B705F31007E26C0 /* AppDelegate.swift in Sources */ = {isa = PBXBuildFile; fileRef = ACA98D172B705F31007E26C0 /* AppDelegate.swift */; };
		ACA98D1A2B705F31007E26C0 /* SceneDelegate.swift in Sources */ = {isa = PBXBuildFile; fileRef = ACA98D192B705F31007E26C0 /* SceneDelegate.swift */; };
		ACA98D1C2B705F31007E26C0 /* ViewController.swift in Sources */ = {isa = PBXBuildFile; fileRef = ACA98D1B2B705F31007E26C0 /* ViewController.swift */; };
		ACA98D212B705F32007E26C0 /* Assets.xcassets in Resources */ = {isa = PBXBuildFile; fileRef = ACA98D202B705F32007E26C0 /* Assets.xcassets */; };
		ACA98D242B705F32007E26C0 /* LaunchScreen.storyboard in Resources */ = {isa = PBXBuildFile; fileRef = ACA98D222B705F32007E26C0 /* LaunchScreen.storyboard */; };
		ACA98D302B706080007E26C0 /* SnapKit in Frameworks */ = {isa = PBXBuildFile; productRef = ACA98D2F2B706080007E26C0 /* SnapKit */; };
		ACA98D332B706123007E26C0 /* MakeView.swift in Sources */ = {isa = PBXBuildFile; fileRef = ACA98D322B706123007E26C0 /* MakeView.swift */; };
		ACA98D352B70670B007E26C0 /* VisaViewController.swift in Sources */ = {isa = PBXBuildFile; fileRef = ACA98D342B70670B007E26C0 /* VisaViewController.swift */; };
		ACA98D372B706720007E26C0 /* ElcartViewController.swift in Sources */ = {isa = PBXBuildFile; fileRef = ACA98D362B706720007E26C0 /* ElcartViewController.swift */; };
		ACA98D392B70672E007E26C0 /* SwiftViewController.swift in Sources */ = {isa = PBXBuildFile; fileRef = ACA98D382B70672E007E26C0 /* SwiftViewController.swift */; };
		ACF87B6A2B70D6E20016A5BC /* TransferProtocol.swift in Sources */ = {isa = PBXBuildFile; fileRef = ACF87B692B70D6E20016A5BC /* TransferProtocol.swift */; };
		ACF87B6C2B70E59E0016A5BC /* SuccessViewController.swift in Sources */ = {isa = PBXBuildFile; fileRef = ACF87B6B2B70E59E0016A5BC /* SuccessViewController.swift */; };
/* End PBXBuildFile section */

/* Begin PBXFileReference section */
		ACA98D142B705F31007E26C0 /* hw_7_4.app */ = {isa = PBXFileReference; explicitFileType = wrapper.application; includeInIndex = 0; path = hw_7_4.app; sourceTree = BUILT_PRODUCTS_DIR; };
		ACA98D172B705F31007E26C0 /* AppDelegate.swift */ = {isa = PBXFileReference; lastKnownFileType = sourcecode.swift; path = AppDelegate.swift; sourceTree = "<group>"; };
		ACA98D192B705F31007E26C0 /* SceneDelegate.swift */ = {isa = PBXFileReference; lastKnownFileType = sourcecode.swift; path = SceneDelegate.swift; sourceTree = "<group>"; };
		ACA98D1B2B705F31007E26C0 /* ViewController.swift */ = {isa = PBXFileReference; lastKnownFileType = sourcecode.swift; path = ViewController.swift; sourceTree = "<group>"; };
		ACA98D202B705F32007E26C0 /* Assets.xcassets */ = {isa = PBXFileReference; lastKnownFileType = folder.assetcatalog; path = Assets.xcassets; sourceTree = "<group>"; };
		ACA98D232B705F32007E26C0 /* Base */ = {isa = PBXFileReference; lastKnownFileType = file.storyboard; name = Base; path = Base.lproj/LaunchScreen.storyboard; sourceTree = "<group>"; };
		ACA98D252B705F32007E26C0 /* Info.plist */ = {isa = PBXFileReference; lastKnownFileType = text.plist.xml; path = Info.plist; sourceTree = "<group>"; };
		ACA98D322B706123007E26C0 /* MakeView.swift */ = {isa = PBXFileReference; lastKnownFileType = sourcecode.swift; path = MakeView.swift; sourceTree = "<group>"; };
		ACA98D342B70670B007E26C0 /* VisaViewController.swift */ = {isa = PBXFileReference; lastKnownFileType = sourcecode.swift; path = VisaViewController.swift; sourceTree = "<group>"; };
		ACA98D362B706720007E26C0 /* ElcartViewController.swift */ = {isa = PBXFileReference; lastKnownFileType = sourcecode.swift; path = ElcartViewController.swift; sourceTree = "<group>"; };
		ACA98D382B70672E007E26C0 /* SwiftViewController.swift */ = {isa = PBXFileReference; lastKnownFileType = sourcecode.swift; path = SwiftViewController.swift; sourceTree = "<group>"; };
		ACF87B692B70D6E20016A5BC /* TransferProtocol.swift */ = {isa = PBXFileReference; lastKnownFileType = sourcecode.swift; path = TransferProtocol.swift; sourceTree = "<group>"; };
		ACF87B6B2B70E59E0016A5BC /* SuccessViewController.swift */ = {isa = PBXFileReference; lastKnownFileType = sourcecode.swift; path = SuccessViewController.swift; sourceTree = "<group>"; };
/* End PBXFileReference section */

/* Begin PBXFrameworksBuildPhase section */
		ACA98D112B705F31007E26C0 /* Frameworks */ = {
			isa = PBXFrameworksBuildPhase;
			buildActionMask = 2147483647;
			files = (
				ACA98D302B706080007E26C0 /* SnapKit in Frameworks */,
			);
			runOnlyForDeploymentPostprocessing = 0;
		};
/* End PBXFrameworksBuildPhase section */

/* Begin PBXGroup section */
		ACA98D0B2B705F31007E26C0 = {
			isa = PBXGroup;
			children = (
				ACA98D162B705F31007E26C0 /* hw_7_4 */,
				ACA98D152B705F31007E26C0 /* Products */,
			);
			sourceTree = "<group>";
		};
		ACA98D152B705F31007E26C0 /* Products */ = {
			isa = PBXGroup;
			children = (
				ACA98D142B705F31007E26C0 /* hw_7_4.app */,
			);
			name = Products;
			sourceTree = "<group>";
		};
		ACA98D162B705F31007E26C0 /* hw_7_4 */ = {
			isa = PBXGroup;
			children = (
				ACA98D312B706112007E26C0 /* MakeView */,
				ACA98D2C2B705FB5007E26C0 /* AppDelegate */,
				ACA98D2B2B705F9F007E26C0 /* Common */,
				ACA98D2D2B705FCE007E26C0 /* Resource */,
				ACA98D252B705F32007E26C0 /* Info.plist */,
			);
			path = hw_7_4;
			sourceTree = "<group>";
		};
		ACA98D2B2B705F9F007E26C0 /* Common */ = {
			isa = PBXGroup;
			children = (
				ACF87B682B70D6CA0016A5BC /* Protocol */,
				ACA98D1B2B705F31007E26C0 /* ViewController.swift */,
				ACA98D342B70670B007E26C0 /* VisaViewController.swift */,
				ACA98D362B706720007E26C0 /* ElcartViewController.swift */,
				ACA98D382B70672E007E26C0 /* SwiftViewController.swift */,
				ACF87B6B2B70E59E0016A5BC /* SuccessViewController.swift */,
			);
			path = Common;
			sourceTree = "<group>";
		};
		ACA98D2C2B705FB5007E26C0 /* AppDelegate */ = {
			isa = PBXGroup;
			children = (
				ACA98D172B705F31007E26C0 /* AppDelegate.swift */,
				ACA98D192B705F31007E26C0 /* SceneDelegate.swift */,
			);
			path = AppDelegate;
			sourceTree = "<group>";
		};
		ACA98D2D2B705FCE007E26C0 /* Resource */ = {
			isa = PBXGroup;
			children = (
				ACA98D222B705F32007E26C0 /* LaunchScreen.storyboard */,
				ACA98D202B705F32007E26C0 /* Assets.xcassets */,
			);
			path = Resource;
			sourceTree = "<group>";
		};
		ACA98D312B706112007E26C0 /* MakeView */ = {
			isa = PBXGroup;
			children = (
				ACA98D322B706123007E26C0 /* MakeView.swift */,
			);
			path = MakeView;
			sourceTree = "<group>";
		};
		ACF87B682B70D6CA0016A5BC /* Protocol */ = {
			isa = PBXGroup;
			children = (
				ACF87B692B70D6E20016A5BC /* TransferProtocol.swift */,
			);
			path = Protocol;
			sourceTree = "<group>";
		};
/* End PBXGroup section */

/* Begin PBXNativeTarget section */
		ACA98D132B705F31007E26C0 /* hw_7_4 */ = {
			isa = PBXNativeTarget;
			buildConfigurationList = ACA98D282B705F32007E26C0 /* Build configuration list for PBXNativeTarget "hw_7_4" */;
			buildPhases = (
				ACA98D102B705F31007E26C0 /* Sources */,
				ACA98D112B705F31007E26C0 /* Frameworks */,
				ACA98D122B705F31007E26C0 /* Resources */,
			);
			buildRules = (
			);
			dependencies = (
			);
			name = hw_7_4;
			packageProductDependencies = (
				ACA98D2F2B706080007E26C0 /* SnapKit */,
			);
			productName = hw_7_4;
			productReference = ACA98D142B705F31007E26C0 /* hw_7_4.app */;
			productType = "com.apple.product-type.application";
		};
/* End PBXNativeTarget section */

/* Begin PBXProject section */
		ACA98D0C2B705F31007E26C0 /* Project object */ = {
			isa = PBXProject;
			attributes = {
				BuildIndependentTargetsInParallel = 1;
				LastSwiftUpdateCheck = 1510;
				LastUpgradeCheck = 1510;
				TargetAttributes = {
					ACA98D132B705F31007E26C0 = {
						CreatedOnToolsVersion = 15.1;
					};
				};
			};
			buildConfigurationList = ACA98D0F2B705F31007E26C0 /* Build configuration list for PBXProject "hw_7_4" */;
			compatibilityVersion = "Xcode 14.0";
			developmentRegion = en;
			hasScannedForEncodings = 0;
			knownRegions = (
				en,
				Base,
			);
			mainGroup = ACA98D0B2B705F31007E26C0;
			packageReferences = (
				ACA98D2E2B706080007E26C0 /* XCRemoteSwiftPackageReference "SnapKit" */,
			);
			productRefGroup = ACA98D152B705F31007E26C0 /* Products */;
			projectDirPath = "";
			projectRoot = "";
			targets = (
				ACA98D132B705F31007E26C0 /* hw_7_4 */,
			);
		};
/* End PBXProject section */

/* Begin PBXResourcesBuildPhase section */
		ACA98D122B705F31007E26C0 /* Resources */ = {
			isa = PBXResourcesBuildPhase;
			buildActionMask = 2147483647;
			files = (
				ACA98D242B705F32007E26C0 /* LaunchScreen.storyboard in Resources */,
				ACA98D212B705F32007E26C0 /* Assets.xcassets in Resources */,
			);
			runOnlyForDeploymentPostprocessing = 0;
		};
/* End PBXResourcesBuildPhase section */

/* Begin PBXSourcesBuildPhase section */
		ACA98D102B705F31007E26C0 /* Sources */ = {
			isa = PBXSourcesBuildPhase;
			buildActionMask = 2147483647;
			files = (
				ACF87B6A2B70D6E20016A5BC /* TransferProtocol.swift in Sources */,
				ACF87B6C2B70E59E0016A5BC /* SuccessViewController.swift in Sources */,
				ACA98D1C2B705F31007E26C0 /* ViewController.swift in Sources */,
				ACA98D372B706720007E26C0 /* ElcartViewController.swift in Sources */,
				ACA98D182B705F31007E26C0 /* AppDelegate.swift in Sources */,
				ACA98D352B70670B007E26C0 /* VisaViewController.swift in Sources */,
				ACA98D332B706123007E26C0 /* MakeView.swift in Sources */,
				ACA98D1A2B705F31007E26C0 /* SceneDelegate.swift in Sources */,
				ACA98D392B70672E007E26C0 /* SwiftViewController.swift in Sources */,
			);
			runOnlyForDeploymentPostprocessing = 0;
		};
/* End PBXSourcesBuildPhase section */

/* Begin PBXVariantGroup section */
		ACA98D222B705F32007E26C0 /* LaunchScreen.storyboard */ = {
			isa = PBXVariantGroup;
			children = (
				ACA98D232B705F32007E26C0 /* Base */,
			);
			name = LaunchScreen.storyboard;
			sourceTree = "<group>";
		};
/* End PBXVariantGroup section */

/* Begin XCBuildConfiguration section */
		ACA98D262B705F32007E26C0 /* Debug */ = {
			isa = XCBuildConfiguration;
			buildSettings = {
				ALWAYS_SEARCH_USER_PATHS = NO;
				ASSETCATALOG_COMPILER_GENERATE_SWIFT_ASSET_SYMBOL_EXTENSIONS = YES;
				CLANG_ANALYZER_NONNULL = YES;
				CLANG_ANALYZER_NUMBER_OBJECT_CONVERSION = YES_AGGRESSIVE;
				CLANG_CXX_LANGUAGE_STANDARD = "gnu++20";
				CLANG_ENABLE_MODULES = YES;
				CLANG_ENABLE_OBJC_ARC = YES;
				CLANG_ENABLE_OBJC_WEAK = YES;
				CLANG_WARN_BLOCK_CAPTURE_AUTORELEASING = YES;
				CLANG_WARN_BOOL_CONVERSION = YES;
				CLANG_WARN_COMMA = YES;
				CLANG_WARN_CONSTANT_CONVERSION = YES;
				CLANG_WARN_DEPRECATED_OBJC_IMPLEMENTATIONS = YES;
				CLANG_WARN_DIRECT_OBJC_ISA_USAGE = YES_ERROR;
				CLANG_WARN_DOCUMENTATION_COMMENTS = YES;
				CLANG_WARN_EMPTY_BODY = YES;
				CLANG_WARN_ENUM_CONVERSION = YES;
				CLANG_WARN_INFINITE_RECURSION = YES;
				CLANG_WARN_INT_CONVERSION = YES;
				CLANG_WARN_NON_LITERAL_NULL_CONVERSION = YES;
				CLANG_WARN_OBJC_IMPLICIT_RETAIN_SELF = YES;
				CLANG_WARN_OBJC_LITERAL_CONVERSION = YES;
				CLANG_WARN_OBJC_ROOT_CLASS = YES_ERROR;
				CLANG_WARN_QUOTED_INCLUDE_IN_FRAMEWORK_HEADER = YES;
				CLANG_WARN_RANGE_LOOP_ANALYSIS = YES;
				CLANG_WARN_STRICT_PROTOTYPES = YES;
				CLANG_WARN_SUSPICIOUS_MOVE = YES;
				CLANG_WARN_UNGUARDED_AVAILABILITY = YES_AGGRESSIVE;
				CLANG_WARN_UNREACHABLE_CODE = YES;
				CLANG_WARN__DUPLICATE_METHOD_MATCH = YES;
				COPY_PHASE_STRIP = NO;
				DEBUG_INFORMATION_FORMAT = dwarf;
				ENABLE_STRICT_OBJC_MSGSEND = YES;
				ENABLE_TESTABILITY = YES;
				ENABLE_USER_SCRIPT_SANDBOXING = YES;
				GCC_C_LANGUAGE_STANDARD = gnu17;
				GCC_DYNAMIC_NO_PIC = NO;
				GCC_NO_COMMON_BLOCKS = YES;
				GCC_OPTIMIZATION_LEVEL = 0;
				GCC_PREPROCESSOR_DEFINITIONS = (
					"DEBUG=1",
					"$(inherited)",
				);
				GCC_WARN_64_TO_32_BIT_CONVERSION = YES;
				GCC_WARN_ABOUT_RETURN_TYPE = YES_ERROR;
				GCC_WARN_UNDECLARED_SELECTOR = YES;
				GCC_WARN_UNINITIALIZED_AUTOS = YES_AGGRESSIVE;
				GCC_WARN_UNUSED_FUNCTION = YES;
				GCC_WARN_UNUSED_VARIABLE = YES;
				IPHONEOS_DEPLOYMENT_TARGET = 17.2;
				LOCALIZATION_PREFERS_STRING_CATALOGS = YES;
				MTL_ENABLE_DEBUG_INFO = INCLUDE_SOURCE;
				MTL_FAST_MATH = YES;
				ONLY_ACTIVE_ARCH = YES;
				SDKROOT = iphoneos;
				SWIFT_ACTIVE_COMPILATION_CONDITIONS = "DEBUG $(inherited)";
				SWIFT_OPTIMIZATION_LEVEL = "-Onone";
			};
			name = Debug;
		};
		ACA98D272B705F32007E26C0 /* Release */ = {
			isa = XCBuildConfiguration;
			buildSettings = {
				ALWAYS_SEARCH_USER_PATHS = NO;
				ASSETCATALOG_COMPILER_GENERATE_SWIFT_ASSET_SYMBOL_EXTENSIONS = YES;
				CLANG_ANALYZER_NONNULL = YES;
				CLANG_ANALYZER_NUMBER_OBJECT_CONVERSION = YES_AGGRESSIVE;
				CLANG_CXX_LANGUAGE_STANDARD = "gnu++20";
				CLANG_ENABLE_MODULES = YES;
				CLANG_ENABLE_OBJC_ARC = YES;
				CLANG_ENABLE_OBJC_WEAK = YES;
				CLANG_WARN_BLOCK_CAPTURE_AUTORELEASING = YES;
				CLANG_WARN_BOOL_CONVERSION = YES;
				CLANG_WARN_COMMA = YES;
				CLANG_WARN_CONSTANT_CONVERSION = YES;
				CLANG_WARN_DEPRECATED_OBJC_IMPLEMENTATIONS = YES;
				CLANG_WARN_DIRECT_OBJC_ISA_USAGE = YES_ERROR;
				CLANG_WARN_DOCUMENTATION_COMMENTS = YES;
				CLANG_WARN_EMPTY_BODY = YES;
				CLANG_WARN_ENUM_CONVERSION = YES;
				CLANG_WARN_INFINITE_RECURSION = YES;
				CLANG_WARN_INT_CONVERSION = YES;
				CLANG_WARN_NON_LITERAL_NULL_CONVERSION = YES;
				CLANG_WARN_OBJC_IMPLICIT_RETAIN_SELF = YES;
				CLANG_WARN_OBJC_LITERAL_CONVERSION = YES;
				CLANG_WARN_OBJC_ROOT_CLASS = YES_ERROR;
				CLANG_WARN_QUOTED_INCLUDE_IN_FRAMEWORK_HEADER = YES;
				CLANG_WARN_RANGE_LOOP_ANALYSIS = YES;
				CLANG_WARN_STRICT_PROTOTYPES = YES;
				CLANG_WARN_SUSPICIOUS_MOVE = YES;
				CLANG_WARN_UNGUARDED_AVAILABILITY = YES_AGGRESSIVE;
				CLANG_WARN_UNREACHABLE_CODE = YES;
				CLANG_WARN__DUPLICATE_METHOD_MATCH = YES;
				COPY_PHASE_STRIP = NO;
				DEBUG_INFORMATION_FORMAT = "dwarf-with-dsym";
				ENABLE_NS_ASSERTIONS = NO;
				ENABLE_STRICT_OBJC_MSGSEND = YES;
				ENABLE_USER_SCRIPT_SANDBOXING = YES;
				GCC_C_LANGUAGE_STANDARD = gnu17;
				GCC_NO_COMMON_BLOCKS = YES;
				GCC_WARN_64_TO_32_BIT_CONVERSION = YES;
				GCC_WARN_ABOUT_RETURN_TYPE = YES_ERROR;
				GCC_WARN_UNDECLARED_SELECTOR = YES;
				GCC_WARN_UNINITIALIZED_AUTOS = YES_AGGRESSIVE;
				GCC_WARN_UNUSED_FUNCTION = YES;
				GCC_WARN_UNUSED_VARIABLE = YES;
				IPHONEOS_DEPLOYMENT_TARGET = 17.2;
				LOCALIZATION_PREFERS_STRING_CATALOGS = YES;
				MTL_ENABLE_DEBUG_INFO = NO;
				MTL_FAST_MATH = YES;
				SDKROOT = iphoneos;
				SWIFT_COMPILATION_MODE = wholemodule;
				VALIDATE_PRODUCT = YES;
			};
			name = Release;
		};
		ACA98D292B705F32007E26C0 /* Debug */ = {
			isa = XCBuildConfiguration;
			buildSettings = {
				ASSETCATALOG_COMPILER_APPICON_NAME = AppIcon;
				ASSETCATALOG_COMPILER_GLOBAL_ACCENT_COLOR_NAME = AccentColor;
				CODE_SIGN_STYLE = Automatic;
				CURRENT_PROJECT_VERSION = 1;
				GENERATE_INFOPLIST_FILE = YES;
				INFOPLIST_FILE = hw_7_4/Info.plist;
				INFOPLIST_KEY_UIApplicationSupportsIndirectInputEvents = YES;
				INFOPLIST_KEY_UILaunchStoryboardName = LaunchScreen;
				INFOPLIST_KEY_UISupportedInterfaceOrientations_iPad = "UIInterfaceOrientationPortrait UIInterfaceOrientationPortraitUpsideDown UIInterfaceOrientationLandscapeLeft UIInterfaceOrientationLandscapeRight";
				INFOPLIST_KEY_UISupportedInterfaceOrientations_iPhone = "UIInterfaceOrientationPortrait UIInterfaceOrientationLandscapeLeft UIInterfaceOrientationLandscapeRight";
				IPHONEOS_DEPLOYMENT_TARGET = 15.0;
				LD_RUNPATH_SEARCH_PATHS = (
					"$(inherited)",
					"@executable_path/Frameworks",
				);
				MARKETING_VERSION = 1.0;
				PRODUCT_BUNDLE_IDENTIFIER = "com.erma.hw-7-4";
				PRODUCT_NAME = "$(TARGET_NAME)";
				SWIFT_EMIT_LOC_STRINGS = YES;
				SWIFT_VERSION = 5.0;
				TARGETED_DEVICE_FAMILY = "1,2";
			};
			name = Debug;
		};
		ACA98D2A2B705F32007E26C0 /* Release */ = {
			isa = XCBuildConfiguration;
			buildSettings = {
				ASSETCATALOG_COMPILER_APPICON_NAME = AppIcon;
				ASSETCATALOG_COMPILER_GLOBAL_ACCENT_COLOR_NAME = AccentColor;
				CODE_SIGN_STYLE = Automatic;
				CURRENT_PROJECT_VERSION = 1;
				GENERATE_INFOPLIST_FILE = YES;
				INFOPLIST_FILE = hw_7_4/Info.plist;
				INFOPLIST_KEY_UIApplicationSupportsIndirectInputEvents = YES;
				INFOPLIST_KEY_UILaunchStoryboardName = LaunchScreen;
				INFOPLIST_KEY_UISupportedInterfaceOrientations_iPad = "UIInterfaceOrientationPortrait UIInterfaceOrientationPortraitUpsideDown UIInterfaceOrientationLandscapeLeft UIInterfaceOrientationLandscapeRight";
				INFOPLIST_KEY_UISupportedInterfaceOrientations_iPhone = "UIInterfaceOrientationPortrait UIInterfaceOrientationLandscapeLeft UIInterfaceOrientationLandscapeRight";
				IPHONEOS_DEPLOYMENT_TARGET = 15.0;
				LD_RUNPATH_SEARCH_PATHS = (
					"$(inherited)",
					"@executable_path/Frameworks",
				);
				MARKETING_VERSION = 1.0;
				PRODUCT_BUNDLE_IDENTIFIER = "com.erma.hw-7-4";
				PRODUCT_NAME = "$(TARGET_NAME)";
				SWIFT_EMIT_LOC_STRINGS = YES;
				SWIFT_VERSION = 5.0;
				TARGETED_DEVICE_FAMILY = "1,2";
			};
			name = Release;
		};
/* End XCBuildConfiguration section */

/* Begin XCConfigurationList section */
		ACA98D0F2B705F31007E26C0 /* Build configuration list for PBXProject "hw_7_4" */ = {
			isa = XCConfigurationList;
			buildConfigurations = (
				ACA98D262B705F32007E26C0 /* Debug */,
				ACA98D272B705F32007E26C0 /* Release */,
			);
			defaultConfigurationIsVisible = 0;
			defaultConfigurationName = Release;
		};
		ACA98D282B705F32007E26C0 /* Build configuration list for PBXNativeTarget "hw_7_4" */ = {
			isa = XCConfigurationList;
			buildConfigurations = (
				ACA98D292B705F32007E26C0 /* Debug */,
				ACA98D2A2B705F32007E26C0 /* Release */,
			);
			defaultConfigurationIsVisible = 0;
			defaultConfigurationName = Release;
		};
/* End XCConfigurationList section */

/* Begin XCRemoteSwiftPackageReference section */
		ACA98D2E2B706080007E26C0 /* XCRemoteSwiftPackageReference "SnapKit" */ = {
			isa = XCRemoteSwiftPackageReference;
			repositoryURL = "https://github.com/SnapKit/SnapKit.git";
			requirement = {
				kind = upToNextMajorVersion;
				minimumVersion = 5.7.0;
			};
		};
/* End XCRemoteSwiftPackageReference section */

/* Begin XCSwiftPackageProductDependency section */
		ACA98D2F2B706080007E26C0 /* SnapKit */ = {
			isa = XCSwiftPackageProductDependency;
			package = ACA98D2E2B706080007E26C0 /* XCRemoteSwiftPackageReference "SnapKit" */;
			productName = SnapKit;
		};
/* End XCSwiftPackageProductDependency section */
	};
	rootObject = ACA98D0C2B705F31007E26C0 /* Project object */;
}
